// !$*UTF8*$!
{
	archiveVersion = 1;
	classes = {
	};
	objectVersion = 56;
	objects = {

/* Begin PBXBuildFile section */
		304EDF39285095EB00F96EEF /* WhatsNewSwiftUI4App.swift in Sources */ = {isa = PBXBuildFile; fileRef = 304EDF38285095EB00F96EEF /* WhatsNewSwiftUI4App.swift */; };
		304EDF3B285095EB00F96EEF /* SwiftCharts.swift in Sources */ = {isa = PBXBuildFile; fileRef = 304EDF3A285095EB00F96EEF /* SwiftCharts.swift */; };
		304EDF3D285095ED00F96EEF /* Assets.xcassets in Resources */ = {isa = PBXBuildFile; fileRef = 304EDF3C285095ED00F96EEF /* Assets.xcassets */; };
		304EDF40285095ED00F96EEF /* Preview Assets.xcassets in Resources */ = {isa = PBXBuildFile; fileRef = 304EDF3F285095ED00F96EEF /* Preview Assets.xcassets */; };
		304EDF472850A31800F96EEF /* PresentationDetents.swift in Sources */ = {isa = PBXBuildFile; fileRef = 304EDF462850A31800F96EEF /* PresentationDetents.swift */; };
		304EDF492850A4EC00F96EEF /* ShareLink.swift in Sources */ = {isa = PBXBuildFile; fileRef = 304EDF482850A4EC00F96EEF /* ShareLink.swift */; };
		304EDF4B2850A8C700F96EEF /* ImageRenderer.swift in Sources */ = {isa = PBXBuildFile; fileRef = 304EDF4A2850A8C700F96EEF /* ImageRenderer.swift */; };
		304EDF4D2850ABF500F96EEF /* FitsThatView.swift in Sources */ = {isa = PBXBuildFile; fileRef = 304EDF4C2850ABF500F96EEF /* FitsThatView.swift */; };
		309725B72851356F0004480B /* GridView.swift in Sources */ = {isa = PBXBuildFile; fileRef = 309725B62851356F0004480B /* GridView.swift */; };
		309725B9285138480004480B /* CustomLayout.swift in Sources */ = {isa = PBXBuildFile; fileRef = 309725B8285138480004480B /* CustomLayout.swift */; };
		309725BD28513B300004480B /* NavigationStack.swift in Sources */ = {isa = PBXBuildFile; fileRef = 309725BC28513B300004480B /* NavigationStack.swift */; };
		309725C128513E860004480B /* NavigationSplit.swift in Sources */ = {isa = PBXBuildFile; fileRef = 309725C028513E860004480B /* NavigationSplit.swift */; };
		309725C3285147090004480B /* iPadOSTable.swift in Sources */ = {isa = PBXBuildFile; fileRef = 309725C2285147090004480B /* iPadOSTable.swift */; };
		309725C5285148FD0004480B /* GaugeView.swift in Sources */ = {isa = PBXBuildFile; fileRef = 309725C4285148FD0004480B /* GaugeView.swift */; };
		309725C728514AD20004480B /* TapGestureLocation.swift in Sources */ = {isa = PBXBuildFile; fileRef = 309725C628514AD20004480B /* TapGestureLocation.swift */; };
		309725C928514B860004480B /* ScrollViewUpdates.swift in Sources */ = {isa = PBXBuildFile; fileRef = 309725C828514B860004480B /* ScrollViewUpdates.swift */; };
		309725CB28514D060004480B /* MultipleDatePicker.swift in Sources */ = {isa = PBXBuildFile; fileRef = 309725CA28514D060004480B /* MultipleDatePicker.swift */; };
		309725CD28514E0F0004480B /* ShadowUpdates.swift in Sources */ = {isa = PBXBuildFile; fileRef = 309725CC28514E0F0004480B /* ShadowUpdates.swift */; };
		309725CF28515A800004480B /* ContentView.swift in Sources */ = {isa = PBXBuildFile; fileRef = 309725CE28515A800004480B /* ContentView.swift */; };
/* End PBXBuildFile section */

/* Begin PBXFileReference section */
		304EDF35285095EB00F96EEF /* WhatsNewSwiftUI4.app */ = {isa = PBXFileReference; explicitFileType = wrapper.application; includeInIndex = 0; path = WhatsNewSwiftUI4.app; sourceTree = BUILT_PRODUCTS_DIR; };
		304EDF38285095EB00F96EEF /* WhatsNewSwiftUI4App.swift */ = {isa = PBXFileReference; lastKnownFileType = sourcecode.swift; path = WhatsNewSwiftUI4App.swift; sourceTree = "<group>"; };
		304EDF3A285095EB00F96EEF /* SwiftCharts.swift */ = {isa = PBXFileReference; lastKnownFileType = sourcecode.swift; path = SwiftCharts.swift; sourceTree = "<group>"; };
		304EDF3C285095ED00F96EEF /* Assets.xcassets */ = {isa = PBXFileReference; lastKnownFileType = folder.assetcatalog; path = Assets.xcassets; sourceTree = "<group>"; };
		304EDF3F285095ED00F96EEF /* Preview Assets.xcassets */ = {isa = PBXFileReference; lastKnownFileType = folder.assetcatalog; path = "Preview Assets.xcassets"; sourceTree = "<group>"; };
		304EDF462850A31800F96EEF /* PresentationDetents.swift */ = {isa = PBXFileReference; lastKnownFileType = sourcecode.swift; path = PresentationDetents.swift; sourceTree = "<group>"; };
		304EDF482850A4EC00F96EEF /* ShareLink.swift */ = {isa = PBXFileReference; lastKnownFileType = sourcecode.swift; path = ShareLink.swift; sourceTree = "<group>"; };
		304EDF4A2850A8C700F96EEF /* ImageRenderer.swift */ = {isa = PBXFileReference; lastKnownFileType = sourcecode.swift; path = ImageRenderer.swift; sourceTree = "<group>"; };
		304EDF4C2850ABF500F96EEF /* FitsThatView.swift */ = {isa = PBXFileReference; lastKnownFileType = sourcecode.swift; path = FitsThatView.swift; sourceTree = "<group>"; };
		309725B62851356F0004480B /* GridView.swift */ = {isa = PBXFileReference; lastKnownFileType = sourcecode.swift; path = GridView.swift; sourceTree = "<group>"; };
		309725B8285138480004480B /* CustomLayout.swift */ = {isa = PBXFileReference; lastKnownFileType = sourcecode.swift; path = CustomLayout.swift; sourceTree = "<group>"; };
		309725BC28513B300004480B /* NavigationStack.swift */ = {isa = PBXFileReference; lastKnownFileType = sourcecode.swift; path = NavigationStack.swift; sourceTree = "<group>"; };
		309725C028513E860004480B /* NavigationSplit.swift */ = {isa = PBXFileReference; lastKnownFileType = sourcecode.swift; path = NavigationSplit.swift; sourceTree = "<group>"; };
		309725C2285147090004480B /* iPadOSTable.swift */ = {isa = PBXFileReference; lastKnownFileType = sourcecode.swift; path = iPadOSTable.swift; sourceTree = "<group>"; };
		309725C4285148FD0004480B /* GaugeView.swift */ = {isa = PBXFileReference; lastKnownFileType = sourcecode.swift; path = GaugeView.swift; sourceTree = "<group>"; };
		309725C628514AD20004480B /* TapGestureLocation.swift */ = {isa = PBXFileReference; lastKnownFileType = sourcecode.swift; path = TapGestureLocation.swift; sourceTree = "<group>"; };
		309725C828514B860004480B /* ScrollViewUpdates.swift */ = {isa = PBXFileReference; lastKnownFileType = sourcecode.swift; path = ScrollViewUpdates.swift; sourceTree = "<group>"; };
		309725CA28514D060004480B /* MultipleDatePicker.swift */ = {isa = PBXFileReference; lastKnownFileType = sourcecode.swift; path = MultipleDatePicker.swift; sourceTree = "<group>"; };
		309725CC28514E0F0004480B /* ShadowUpdates.swift */ = {isa = PBXFileReference; lastKnownFileType = sourcecode.swift; path = ShadowUpdates.swift; sourceTree = "<group>"; };
		309725CE28515A800004480B /* ContentView.swift */ = {isa = PBXFileReference; lastKnownFileType = sourcecode.swift; path = ContentView.swift; sourceTree = "<group>"; };
/* End PBXFileReference section */

/* Begin PBXFrameworksBuildPhase section */
		304EDF32285095EB00F96EEF /* Frameworks */ = {
			isa = PBXFrameworksBuildPhase;
			buildActionMask = 2147483647;
			files = (
			);
			runOnlyForDeploymentPostprocessing = 0;
		};
/* End PBXFrameworksBuildPhase section */

/* Begin PBXGroup section */
		304EDF2C285095EB00F96EEF = {
			isa = PBXGroup;
			children = (
				304EDF37285095EB00F96EEF /* WhatsNewSwiftUI4 */,
				304EDF36285095EB00F96EEF /* Products */,
			);
			sourceTree = "<group>";
		};
		304EDF36285095EB00F96EEF /* Products */ = {
			isa = PBXGroup;
			children = (
				304EDF35285095EB00F96EEF /* WhatsNewSwiftUI4.app */,
			);
			name = Products;
			sourceTree = "<group>";
		};
		304EDF37285095EB00F96EEF /* WhatsNewSwiftUI4 */ = {
			isa = PBXGroup;
			children = (
				304EDF38285095EB00F96EEF /* WhatsNewSwiftUI4App.swift */,
				309725CE28515A800004480B /* ContentView.swift */,
				304EDF3A285095EB00F96EEF /* SwiftCharts.swift */,
				304EDF462850A31800F96EEF /* PresentationDetents.swift */,
				304EDF482850A4EC00F96EEF /* ShareLink.swift */,
				304EDF4A2850A8C700F96EEF /* ImageRenderer.swift */,
				304EDF4C2850ABF500F96EEF /* FitsThatView.swift */,
				309725B62851356F0004480B /* GridView.swift */,
				309725B8285138480004480B /* CustomLayout.swift */,
				309725BC28513B300004480B /* NavigationStack.swift */,
				309725C028513E860004480B /* NavigationSplit.swift */,
				309725C2285147090004480B /* iPadOSTable.swift */,
				309725C4285148FD0004480B /* GaugeView.swift */,
				309725CA28514D060004480B /* MultipleDatePicker.swift */,
				309725C628514AD20004480B /* TapGestureLocation.swift */,
				309725CC28514E0F0004480B /* ShadowUpdates.swift */,
				309725C828514B860004480B /* ScrollViewUpdates.swift */,
				304EDF3C285095ED00F96EEF /* Assets.xcassets */,
				304EDF3E285095ED00F96EEF /* Preview Content */,
			);
			path = WhatsNewSwiftUI4;
			sourceTree = "<group>";
		};
		304EDF3E285095ED00F96EEF /* Preview Content */ = {
			isa = PBXGroup;
			children = (
				304EDF3F285095ED00F96EEF /* Preview Assets.xcassets */,
			);
			path = "Preview Content";
			sourceTree = "<group>";
		};
/* End PBXGroup section */

/* Begin PBXNativeTarget section */
		304EDF34285095EB00F96EEF /* WhatsNewSwiftUI4 */ = {
			isa = PBXNativeTarget;
			buildConfigurationList = 304EDF43285095ED00F96EEF /* Build configuration list for PBXNativeTarget "WhatsNewSwiftUI4" */;
			buildPhases = (
				304EDF31285095EB00F96EEF /* Sources */,
				304EDF32285095EB00F96EEF /* Frameworks */,
				304EDF33285095EB00F96EEF /* Resources */,
			);
			buildRules = (
			);
			dependencies = (
			);
			name = WhatsNewSwiftUI4;
			productName = WhatsNewSwiftUI4;
			productReference = 304EDF35285095EB00F96EEF /* WhatsNewSwiftUI4.app */;
			productType = "com.apple.product-type.application";
		};
/* End PBXNativeTarget section */

/* Begin PBXProject section */
		304EDF2D285095EB00F96EEF /* Project object */ = {
			isa = PBXProject;
			attributes = {
				BuildIndependentTargetsInParallel = 1;
				LastSwiftUpdateCheck = 1400;
				LastUpgradeCheck = 1400;
				TargetAttributes = {
					304EDF34285095EB00F96EEF = {
						CreatedOnToolsVersion = 14.0;
					};
				};
			};
			buildConfigurationList = 304EDF30285095EB00F96EEF /* Build configuration list for PBXProject "WhatsNewSwiftUI4" */;
			compatibilityVersion = "Xcode 14.0";
			developmentRegion = en;
			hasScannedForEncodings = 0;
			knownRegions = (
				en,
				Base,
			);
			mainGroup = 304EDF2C285095EB00F96EEF;
			productRefGroup = 304EDF36285095EB00F96EEF /* Products */;
			projectDirPath = "";
			projectRoot = "";
			targets = (
				304EDF34285095EB00F96EEF /* WhatsNewSwiftUI4 */,
			);
		};
/* End PBXProject section */

/* Begin PBXResourcesBuildPhase section */
		304EDF33285095EB00F96EEF /* Resources */ = {
			isa = PBXResourcesBuildPhase;
			buildActionMask = 2147483647;
			files = (
				304EDF40285095ED00F96EEF /* Preview Assets.xcassets in Resources */,
				304EDF3D285095ED00F96EEF /* Assets.xcassets in Resources */,
			);
			runOnlyForDeploymentPostprocessing = 0;
		};
/* End PBXResourcesBuildPhase section */

/* Begin PBXSourcesBuildPhase section */
		304EDF31285095EB00F96EEF /* Sources */ = {
			isa = PBXSourcesBuildPhase;
			buildActionMask = 2147483647;
			files = (
				304EDF3B285095EB00F96EEF /* SwiftCharts.swift in Sources */,
				304EDF39285095EB00F96EEF /* WhatsNewSwiftUI4App.swift in Sources */,
				309725BD28513B300004480B /* NavigationStack.swift in Sources */,
				309725CB28514D060004480B /* MultipleDatePicker.swift in Sources */,
				309725C728514AD20004480B /* TapGestureLocation.swift in Sources */,
				304EDF472850A31800F96EEF /* PresentationDetents.swift in Sources */,
				309725B72851356F0004480B /* GridView.swift in Sources */,
				309725CF28515A800004480B /* ContentView.swift in Sources */,
				309725C128513E860004480B /* NavigationSplit.swift in Sources */,
				304EDF4D2850ABF500F96EEF /* FitsThatView.swift in Sources */,
				304EDF492850A4EC00F96EEF /* ShareLink.swift in Sources */,
				309725C5285148FD0004480B /* GaugeView.swift in Sources */,
				309725B9285138480004480B /* CustomLayout.swift in Sources */,
				309725C3285147090004480B /* iPadOSTable.swift in Sources */,
				309725C928514B860004480B /* ScrollViewUpdates.swift in Sources */,
				304EDF4B2850A8C700F96EEF /* ImageRenderer.swift in Sources */,
				309725CD28514E0F0004480B /* ShadowUpdates.swift in Sources */,
			);
			runOnlyForDeploymentPostprocessing = 0;
		};
/* End PBXSourcesBuildPhase section */

/* Begin XCBuildConfiguration section */
		304EDF41285095ED00F96EEF /* Debug */ = {
			isa = XCBuildConfiguration;
			buildSettings = {
				ALWAYS_SEARCH_USER_PATHS = NO;
				CLANG_ANALYZER_NONNULL = YES;
				CLANG_ANALYZER_NUMBER_OBJECT_CONVERSION = YES_AGGRESSIVE;
				CLANG_CXX_LANGUAGE_STANDARD = "gnu++17";
				CLANG_ENABLE_MODULES = YES;
				CLANG_ENABLE_OBJC_ARC = YES;
				CLANG_ENABLE_OBJC_WEAK = YES;
				CLANG_WARN_BLOCK_CAPTURE_AUTORELEASING = YES;
				CLANG_WARN_BOOL_CONVERSION = YES;
				CLANG_WARN_COMMA = YES;
				CLANG_WARN_CONSTANT_CONVERSION = YES;
				CLANG_WARN_DEPRECATED_OBJC_IMPLEMENTATIONS = YES;
				CLANG_WARN_DIRECT_OBJC_ISA_USAGE = YES_ERROR;
				CLANG_WARN_DOCUMENTATION_COMMENTS = YES;
				CLANG_WARN_EMPTY_BODY = YES;
				CLANG_WARN_ENUM_CONVERSION = YES;
				CLANG_WARN_INFINITE_RECURSION = YES;
				CLANG_WARN_INT_CONVERSION = YES;
				CLANG_WARN_NON_LITERAL_NULL_CONVERSION = YES;
				CLANG_WARN_OBJC_IMPLICIT_RETAIN_SELF = YES;
				CLANG_WARN_OBJC_LITERAL_CONVERSION = YES;
				CLANG_WARN_OBJC_ROOT_CLASS = YES_ERROR;
				CLANG_WARN_QUOTED_INCLUDE_IN_FRAMEWORK_HEADER = YES;
				CLANG_WARN_RANGE_LOOP_ANALYSIS = YES;
				CLANG_WARN_STRICT_PROTOTYPES = YES;
				CLANG_WARN_SUSPICIOUS_MOVE = YES;
				CLANG_WARN_UNGUARDED_AVAILABILITY = YES_AGGRESSIVE;
				CLANG_WARN_UNREACHABLE_CODE = YES;
				CLANG_WARN__DUPLICATE_METHOD_MATCH = YES;
				COPY_PHASE_STRIP = NO;
				DEBUG_INFORMATION_FORMAT = dwarf;
				ENABLE_STRICT_OBJC_MSGSEND = YES;
				ENABLE_TESTABILITY = YES;
				GCC_C_LANGUAGE_STANDARD = gnu11;
				GCC_DYNAMIC_NO_PIC = NO;
				GCC_NO_COMMON_BLOCKS = YES;
				GCC_OPTIMIZATION_LEVEL = 0;
				GCC_PREPROCESSOR_DEFINITIONS = (
					"DEBUG=1",
					"$(inherited)",
				);
				GCC_WARN_64_TO_32_BIT_CONVERSION = YES;
				GCC_WARN_ABOUT_RETURN_TYPE = YES_ERROR;
				GCC_WARN_UNDECLARED_SELECTOR = YES;
				GCC_WARN_UNINITIALIZED_AUTOS = YES_AGGRESSIVE;
				GCC_WARN_UNUSED_FUNCTION = YES;
				GCC_WARN_UNUSED_VARIABLE = YES;
				IPHONEOS_DEPLOYMENT_TARGET = 16.0;
				MTL_ENABLE_DEBUG_INFO = INCLUDE_SOURCE;
				MTL_FAST_MATH = YES;
				ONLY_ACTIVE_ARCH = YES;
				SDKROOT = iphoneos;
				SWIFT_ACTIVE_COMPILATION_CONDITIONS = DEBUG;
				SWIFT_OPTIMIZATION_LEVEL = "-Onone";
			};
			name = Debug;
		};
		304EDF42285095ED00F96EEF /* Release */ = {
			isa = XCBuildConfiguration;
			buildSettings = {
				ALWAYS_SEARCH_USER_PATHS = NO;
				CLANG_ANALYZER_NONNULL = YES;
				CLANG_ANALYZER_NUMBER_OBJECT_CONVERSION = YES_AGGRESSIVE;
				CLANG_CXX_LANGUAGE_STANDARD = "gnu++17";
				CLANG_ENABLE_MODULES = YES;
				CLANG_ENABLE_OBJC_ARC = YES;
				CLANG_ENABLE_OBJC_WEAK = YES;
				CLANG_WARN_BLOCK_CAPTURE_AUTORELEASING = YES;
				CLANG_WARN_BOOL_CONVERSION = YES;
				CLANG_WARN_COMMA = YES;
				CLANG_WARN_CONSTANT_CONVERSION = YES;
				CLANG_WARN_DEPRECATED_OBJC_IMPLEMENTATIONS = YES;
				CLANG_WARN_DIRECT_OBJC_ISA_USAGE = YES_ERROR;
				CLANG_WARN_DOCUMENTATION_COMMENTS = YES;
				CLANG_WARN_EMPTY_BODY = YES;
				CLANG_WARN_ENUM_CONVERSION = YES;
				CLANG_WARN_INFINITE_RECURSION = YES;
				CLANG_WARN_INT_CONVERSION = YES;
				CLANG_WARN_NON_LITERAL_NULL_CONVERSION = YES;
				CLANG_WARN_OBJC_IMPLICIT_RETAIN_SELF = YES;
				CLANG_WARN_OBJC_LITERAL_CONVERSION = YES;
				CLANG_WARN_OBJC_ROOT_CLASS = YES_ERROR;
				CLANG_WARN_QUOTED_INCLUDE_IN_FRAMEWORK_HEADER = YES;
				CLANG_WARN_RANGE_LOOP_ANALYSIS = YES;
				CLANG_WARN_STRICT_PROTOTYPES = YES;
				CLANG_WARN_SUSPICIOUS_MOVE = YES;
				CLANG_WARN_UNGUARDED_AVAILABILITY = YES_AGGRESSIVE;
				CLANG_WARN_UNREACHABLE_CODE = YES;
				CLANG_WARN__DUPLICATE_METHOD_MATCH = YES;
				COPY_PHASE_STRIP = NO;
				DEBUG_INFORMATION_FORMAT = "dwarf-with-dsym";
				ENABLE_NS_ASSERTIONS = NO;
				ENABLE_STRICT_OBJC_MSGSEND = YES;
				GCC_C_LANGUAGE_STANDARD = gnu11;
				GCC_NO_COMMON_BLOCKS = YES;
				GCC_WARN_64_TO_32_BIT_CONVERSION = YES;
				GCC_WARN_ABOUT_RETURN_TYPE = YES_ERROR;
				GCC_WARN_UNDECLARED_SELECTOR = YES;
				GCC_WARN_UNINITIALIZED_AUTOS = YES_AGGRESSIVE;
				GCC_WARN_UNUSED_FUNCTION = YES;
				GCC_WARN_UNUSED_VARIABLE = YES;
				IPHONEOS_DEPLOYMENT_TARGET = 16.0;
				MTL_ENABLE_DEBUG_INFO = NO;
				MTL_FAST_MATH = YES;
				SDKROOT = iphoneos;
				SWIFT_COMPILATION_MODE = wholemodule;
				SWIFT_OPTIMIZATION_LEVEL = "-O";
				VALIDATE_PRODUCT = YES;
			};
			name = Release;
		};
		304EDF44285095ED00F96EEF /* Debug */ = {
			isa = XCBuildConfiguration;
			buildSettings = {
				ASSETCATALOG_COMPILER_APPICON_NAME = AppIcon;
				ASSETCATALOG_COMPILER_GLOBAL_ACCENT_COLOR_NAME = AccentColor;
				CODE_SIGN_STYLE = Automatic;
				CURRENT_PROJECT_VERSION = 1;
				DEVELOPMENT_ASSET_PATHS = "\"WhatsNewSwiftUI4/Preview Content\"";
				DEVELOPMENT_TEAM = N4Y99Y6PT4;
				ENABLE_PREVIEWS = YES;
				GENERATE_INFOPLIST_FILE = YES;
				INFOPLIST_KEY_UIApplicationSceneManifest_Generation = YES;
				INFOPLIST_KEY_UIApplicationSupportsIndirectInputEvents = YES;
				INFOPLIST_KEY_UILaunchScreen_Generation = YES;
				INFOPLIST_KEY_UISupportedInterfaceOrientations_iPad = "UIInterfaceOrientationPortrait UIInterfaceOrientationPortraitUpsideDown UIInterfaceOrientationLandscapeLeft UIInterfaceOrientationLandscapeRight";
				INFOPLIST_KEY_UISupportedInterfaceOrientations_iPhone = "UIInterfaceOrientationPortrait UIInterfaceOrientationLandscapeLeft UIInterfaceOrientationLandscapeRight";
				LD_RUNPATH_SEARCH_PATHS = (
					"$(inherited)",
					"@executable_path/Frameworks",
				);
				MARKETING_VERSION = 1.0;
				PRODUCT_BUNDLE_IDENTIFIER = com.AliAghamirbabaei.WhatsNewSwiftUI4;
				PRODUCT_NAME = "$(TARGET_NAME)";
				SWIFT_EMIT_LOC_STRINGS = YES;
				SWIFT_VERSION = 5.0;
				TARGETED_DEVICE_FAMILY = "1,2";
			};
			name = Debug;
		};
		304EDF45285095ED00F96EEF /* Release */ = {
			isa = XCBuildConfiguration;
			buildSettings = {
				ASSETCATALOG_COMPILER_APPICON_NAME = AppIcon;
				ASSETCATALOG_COMPILER_GLOBAL_ACCENT_COLOR_NAME = AccentColor;
				CODE_SIGN_STYLE = Automatic;
				CURRENT_PROJECT_VERSION = 1;
				DEVELOPMENT_ASSET_PATHS = "\"WhatsNewSwiftUI4/Preview Content\"";
				DEVELOPMENT_TEAM = N4Y99Y6PT4;
				ENABLE_PREVIEWS = YES;
				GENERATE_INFOPLIST_FILE = YES;
				INFOPLIST_KEY_UIApplicationSceneManifest_Generation = YES;
				INFOPLIST_KEY_UIApplicationSupportsIndirectInputEvents = YES;
				INFOPLIST_KEY_UILaunchScreen_Generation = YES;
				INFOPLIST_KEY_UISupportedInterfaceOrientations_iPad = "UIInterfaceOrientationPortrait UIInterfaceOrientationPortraitUpsideDown UIInterfaceOrientationLandscapeLeft UIInterfaceOrientationLandscapeRight";
				INFOPLIST_KEY_UISupportedInterfaceOrientations_iPhone = "UIInterfaceOrientationPortrait UIInterfaceOrientationLandscapeLeft UIInterfaceOrientationLandscapeRight";
				LD_RUNPATH_SEARCH_PATHS = (
					"$(inherited)",
					"@executable_path/Frameworks",
				);
				MARKETING_VERSION = 1.0;
				PRODUCT_BUNDLE_IDENTIFIER = com.AliAghamirbabaei.WhatsNewSwiftUI4;
				PRODUCT_NAME = "$(TARGET_NAME)";
				SWIFT_EMIT_LOC_STRINGS = YES;
				SWIFT_VERSION = 5.0;
				TARGETED_DEVICE_FAMILY = "1,2";
			};
			name = Release;
		};
/* End XCBuildConfiguration section */

/* Begin XCConfigurationList section */
		304EDF30285095EB00F96EEF /* Build configuration list for PBXProject "WhatsNewSwiftUI4" */ = {
			isa = XCConfigurationList;
			buildConfigurations = (
				304EDF41285095ED00F96EEF /* Debug */,
				304EDF42285095ED00F96EEF /* Release */,
			);
			defaultConfigurationIsVisible = 0;
			defaultConfigurationName = Release;
		};
		304EDF43285095ED00F96EEF /* Build configuration list for PBXNativeTarget "WhatsNewSwiftUI4" */ = {
			isa = XCConfigurationList;
			buildConfigurations = (
				304EDF44285095ED00F96EEF /* Debug */,
				304EDF45285095ED00F96EEF /* Release */,
			);
			defaultConfigurationIsVisible = 0;
			defaultConfigurationName = Release;
		};
/* End XCConfigurationList section */
	};
	rootObject = 304EDF2D285095EB00F96EEF /* Project object */;
}
